// !$*UTF8*$!
{
	archiveVersion = 1;
	classes = {
	};
	objectVersion = 55;
	objects = {

/* Begin PBXBuildFile section */
		26D3D4AA897A5BB32E087B6B /* Pods_iMessageMemeGenerator.framework in Frameworks */ = {isa = PBXBuildFile; fileRef = 519811D54592E0779C58C7D8 /* Pods_iMessageMemeGenerator.framework */; };
		6525365728C0FAB9001BC340 /* TenorCollectionViewCell.swift in Sources */ = {isa = PBXBuildFile; fileRef = 6525365628C0FAB9001BC340 /* TenorCollectionViewCell.swift */; };
		6525365928C0FAFC001BC340 /* TenorGifModel.swift in Sources */ = {isa = PBXBuildFile; fileRef = 6525365828C0FAFC001BC340 /* TenorGifModel.swift */; };
		6525365C28C0FCCE001BC340 /* TenorSearchResultsModel.swift in Sources */ = {isa = PBXBuildFile; fileRef = 6525365B28C0FCCE001BC340 /* TenorSearchResultsModel.swift */; };
		6525365E28C0FCDE001BC340 /* TenorMediaModel.swift in Sources */ = {isa = PBXBuildFile; fileRef = 6525365D28C0FCDE001BC340 /* TenorMediaModel.swift */; };
		6525366228C1252A001BC340 /* UIViewController+extensions.swift in Sources */ = {isa = PBXBuildFile; fileRef = 6525366128C1252A001BC340 /* UIViewController+extensions.swift */; };
		6525366628C13E7D001BC340 /* TenorSearchResultsController.swift in Sources */ = {isa = PBXBuildFile; fileRef = 6525366528C13E7D001BC340 /* TenorSearchResultsController.swift */; };
		6525366828C13F51001BC340 /* TenorAPI.swift in Sources */ = {isa = PBXBuildFile; fileRef = 6525366728C13F51001BC340 /* TenorAPI.swift */; };
		6525366C28C2930D001BC340 /* Localizable.strings in Resources */ = {isa = PBXBuildFile; fileRef = 6525366E28C2930D001BC340 /* Localizable.strings */; };
		6525367128C29635001BC340 /* String+extensions.swift in Sources */ = {isa = PBXBuildFile; fileRef = 6525367028C29635001BC340 /* String+extensions.swift */; };
		6525367228C2974B001BC340 /* LoadingView.xib in Resources */ = {isa = PBXBuildFile; fileRef = 6525367428C2974B001BC340 /* LoadingView.xib */; };
		6525367A28CF9434001BC340 /* LayoutSettings.swift in Sources */ = {isa = PBXBuildFile; fileRef = 6525367928CF9167001BC340 /* LayoutSettings.swift */; };
		6525368428D37D5E001BC340 /* ImageCaptionGenerator.m in Sources */ = {isa = PBXBuildFile; fileRef = 6525368328D37D5E001BC340 /* ImageCaptionGenerator.m */; };
		6525368728D3851A001BC340 /* MemeLabelMaker.swift in Sources */ = {isa = PBXBuildFile; fileRef = 6525368628D3851A001BC340 /* MemeLabelMaker.swift */; };
		6525368A28D39447001BC340 /* VideoCaptionGenerator.m in Sources */ = {isa = PBXBuildFile; fileRef = 6525368928D39447001BC340 /* VideoCaptionGenerator.m */; };
		6525369428D40E57001BC340 /* UILabel+extensions.swift in Sources */ = {isa = PBXBuildFile; fileRef = 6525369328D40E57001BC340 /* UILabel+extensions.swift */; };
		6525369628D40E67001BC340 /* UIButton+extensions.swift in Sources */ = {isa = PBXBuildFile; fileRef = 6525369528D40E67001BC340 /* UIButton+extensions.swift */; };
		6525369828D40EFF001BC340 /* XIBLocalizable.swift in Sources */ = {isa = PBXBuildFile; fileRef = 6525369728D40EFF001BC340 /* XIBLocalizable.swift */; };
		65D66E9C28BEAB7A00990404 /* Assets.xcassets in Resources */ = {isa = PBXBuildFile; fileRef = 65D66E9B28BEAB7A00990404 /* Assets.xcassets */; };
		65D66EA228BEAB7A00990404 /* iMessageMemeGenerator MessagesExtension.appex in Embed App Extensions */ = {isa = PBXBuildFile; fileRef = 65D66EA128BEAB7A00990404 /* iMessageMemeGenerator MessagesExtension.appex */; settings = {ATTRIBUTES = (RemoveHeadersOnCopy, ); }; };
		65D66EA728BEAB7A00990404 /* Messages.framework in Frameworks */ = {isa = PBXBuildFile; fileRef = 65D66EA628BEAB7A00990404 /* Messages.framework */; };
		65D66EAA28BEAB7A00990404 /* MessagesViewController.swift in Sources */ = {isa = PBXBuildFile; fileRef = 65D66EA928BEAB7A00990404 /* MessagesViewController.swift */; };
		65D66EAD28BEAB7A00990404 /* MainInterface.storyboard in Resources */ = {isa = PBXBuildFile; fileRef = 65D66EAB28BEAB7A00990404 /* MainInterface.storyboard */; };
		65D66EAF28BEAB7C00990404 /* Assets.xcassets in Resources */ = {isa = PBXBuildFile; fileRef = 65D66EAE28BEAB7C00990404 /* Assets.xcassets */; };
		65D66EF328BEB1BE00990404 /* TLPhotoPicker.framework in Frameworks */ = {isa = PBXBuildFile; fileRef = 65D66EF228BEB1BE00990404 /* TLPhotoPicker.framework */; };
		65D66EF428BEB1BE00990404 /* TLPhotoPicker.framework in Embed Frameworks */ = {isa = PBXBuildFile; fileRef = 65D66EF228BEB1BE00990404 /* TLPhotoPicker.framework */; settings = {ATTRIBUTES = (CodeSignOnCopy, RemoveHeadersOnCopy, ); }; };
		65D66EF828BEB79700990404 /* poptart_cat.gif in Resources */ = {isa = PBXBuildFile; fileRef = 65D66EF728BEB79700990404 /* poptart_cat.gif */; };
		65D66EFC28BEBABD00990404 /* LoadingView.swift in Sources */ = {isa = PBXBuildFile; fileRef = 65D66EFA28BEBABD00990404 /* LoadingView.swift */; };
		65D675E128BF05BF00990404 /* libMagickCore.a in Frameworks */ = {isa = PBXBuildFile; fileRef = 65D675DD28BF059600990404 /* libMagickCore.a */; };
		65D675E428BF05C600990404 /* libMagickWand.a in Frameworks */ = {isa = PBXBuildFile; fileRef = 65D675E028BF059600990404 /* libMagickWand.a */; };
		65D675E528BF05C600990404 /* libpng.a in Frameworks */ = {isa = PBXBuildFile; fileRef = 65D675DE28BF059600990404 /* libpng.a */; };
		65D675E628BF05C600990404 /* libtiff.a in Frameworks */ = {isa = PBXBuildFile; fileRef = 65D675DF28BF059600990404 /* libtiff.a */; };
		65D675E728BF05C600990404 /* libjpeg.a in Frameworks */ = {isa = PBXBuildFile; fileRef = 65D675DC28BF058E00990404 /* libjpeg.a */; };
		65D675ED28BF06FA00990404 /* libxml2.tbd in Frameworks */ = {isa = PBXBuildFile; fileRef = 65D675EA28BF06EE00990404 /* libxml2.tbd */; };
		65D675EE28BF06FA00990404 /* libz.tbd in Frameworks */ = {isa = PBXBuildFile; fileRef = 65D675E928BF069D00990404 /* libz.tbd */; };
		65D675EF28BF06FA00990404 /* libbz2.tbd in Frameworks */ = {isa = PBXBuildFile; fileRef = 65D675E828BF068100990404 /* libbz2.tbd */; };
		65D675F128BFB85000990404 /* UIImage+extensions.swift in Sources */ = {isa = PBXBuildFile; fileRef = 65D675F028BFB85000990404 /* UIImage+extensions.swift */; };
		65D675F328BFD42B00990404 /* LibraryPickerVC.swift in Sources */ = {isa = PBXBuildFile; fileRef = 65D675F228BFD42B00990404 /* LibraryPickerVC.swift */; };
		65D675F528BFDC2200990404 /* MultiLineInputBoxVC.swift in Sources */ = {isa = PBXBuildFile; fileRef = 65D675F428BFDC2200990404 /* MultiLineInputBoxVC.swift */; };
		65D675F828BFDD8300990404 /* UIView+extensions.swift in Sources */ = {isa = PBXBuildFile; fileRef = 65D675F728BFDD8300990404 /* UIView+extensions.swift */; };
		65D675FB28BFE0BA00990404 /* TenorPickerVC.swift in Sources */ = {isa = PBXBuildFile; fileRef = 65D675FA28BFE0BA00990404 /* TenorPickerVC.swift */; };
		9238AA58EDEA996E3CBF9629 /* Pods_iMessageMemeGenerator_MessagesExtension.framework in Frameworks */ = {isa = PBXBuildFile; fileRef = CE31A37E3EC25FC7D030D21C /* Pods_iMessageMemeGenerator_MessagesExtension.framework */; };
/* End PBXBuildFile section */

/* Begin PBXContainerItemProxy section */
		65D66EA328BEAB7A00990404 /* PBXContainerItemProxy */ = {
			isa = PBXContainerItemProxy;
			containerPortal = 65D66E9228BEAB7800990404 /* Project object */;
			proxyType = 1;
			remoteGlobalIDString = 65D66EA028BEAB7A00990404;
			remoteInfo = "iMessageMemeGenerator MessagesExtension";
		};
/* End PBXContainerItemProxy section */

/* Begin PBXCopyFilesBuildPhase section */
		65D66EB628BEAB7C00990404 /* Embed App Extensions */ = {
			isa = PBXCopyFilesBuildPhase;
			buildActionMask = 2147483647;
			dstPath = "";
			dstSubfolderSpec = 13;
			files = (
				65D66EA228BEAB7A00990404 /* iMessageMemeGenerator MessagesExtension.appex in Embed App Extensions */,
			);
			name = "Embed App Extensions";
			runOnlyForDeploymentPostprocessing = 0;
		};
		65D66EF528BEB1BE00990404 /* Embed Frameworks */ = {
			isa = PBXCopyFilesBuildPhase;
			buildActionMask = 2147483647;
			dstPath = "";
			dstSubfolderSpec = 10;
			files = (
				65D66EF428BEB1BE00990404 /* TLPhotoPicker.framework in Embed Frameworks */,
			);
			name = "Embed Frameworks";
			runOnlyForDeploymentPostprocessing = 0;
		};
/* End PBXCopyFilesBuildPhase section */

/* Begin PBXFileReference section */
		519811D54592E0779C58C7D8 /* Pods_iMessageMemeGenerator.framework */ = {isa = PBXFileReference; explicitFileType = wrapper.framework; includeInIndex = 0; path = Pods_iMessageMemeGenerator.framework; sourceTree = BUILT_PRODUCTS_DIR; };
		6525364F28C01157001BC340 /* Info.plist */ = {isa = PBXFileReference; lastKnownFileType = text.plist.xml; path = Info.plist; sourceTree = "<group>"; };
		6525365628C0FAB9001BC340 /* TenorCollectionViewCell.swift */ = {isa = PBXFileReference; lastKnownFileType = sourcecode.swift; path = TenorCollectionViewCell.swift; sourceTree = "<group>"; };
		6525365828C0FAFC001BC340 /* TenorGifModel.swift */ = {isa = PBXFileReference; lastKnownFileType = sourcecode.swift; path = TenorGifModel.swift; sourceTree = "<group>"; };
		6525365B28C0FCCE001BC340 /* TenorSearchResultsModel.swift */ = {isa = PBXFileReference; lastKnownFileType = sourcecode.swift; path = TenorSearchResultsModel.swift; sourceTree = "<group>"; };
		6525365D28C0FCDE001BC340 /* TenorMediaModel.swift */ = {isa = PBXFileReference; lastKnownFileType = sourcecode.swift; path = TenorMediaModel.swift; sourceTree = "<group>"; };
		6525366128C1252A001BC340 /* UIViewController+extensions.swift */ = {isa = PBXFileReference; lastKnownFileType = sourcecode.swift; path = "UIViewController+extensions.swift"; sourceTree = "<group>"; };
		6525366528C13E7D001BC340 /* TenorSearchResultsController.swift */ = {isa = PBXFileReference; lastKnownFileType = sourcecode.swift; path = TenorSearchResultsController.swift; sourceTree = "<group>"; };
		6525366728C13F51001BC340 /* TenorAPI.swift */ = {isa = PBXFileReference; lastKnownFileType = sourcecode.swift; path = TenorAPI.swift; sourceTree = "<group>"; };
		6525366B28C16AB7001BC340 /* es */ = {isa = PBXFileReference; lastKnownFileType = text.plist.strings; name = es; path = es.lproj/MainInterface.strings; sourceTree = "<group>"; };
		6525366D28C2930D001BC340 /* es */ = {isa = PBXFileReference; lastKnownFileType = text.plist.strings; name = es; path = es.lproj/Localizable.strings; sourceTree = "<group>"; };
		6525366F28C29311001BC340 /* en */ = {isa = PBXFileReference; lastKnownFileType = text.plist.strings; name = en; path = en.lproj/Localizable.strings; sourceTree = "<group>"; };
		6525367028C29635001BC340 /* String+extensions.swift */ = {isa = PBXFileReference; lastKnownFileType = sourcecode.swift; path = "String+extensions.swift"; sourceTree = "<group>"; };
		6525367528C2975E001BC340 /* Base */ = {isa = PBXFileReference; lastKnownFileType = file.xib; name = Base; path = Base.lproj/LoadingView.xib; sourceTree = "<group>"; };
		6525367728C29784001BC340 /* es */ = {isa = PBXFileReference; lastKnownFileType = text.plist.strings; name = es; path = es.lproj/LoadingView.strings; sourceTree = "<group>"; };
		6525367928CF9167001BC340 /* LayoutSettings.swift */ = {isa = PBXFileReference; lastKnownFileType = sourcecode.swift; path = LayoutSettings.swift; sourceTree = "<group>"; };
		6525368228D37D5E001BC340 /* ImageCaptionGenerator.h */ = {isa = PBXFileReference; lastKnownFileType = sourcecode.c.h; path = ImageCaptionGenerator.h; sourceTree = "<group>"; };
		6525368328D37D5E001BC340 /* ImageCaptionGenerator.m */ = {isa = PBXFileReference; lastKnownFileType = sourcecode.c.objc; path = ImageCaptionGenerator.m; sourceTree = "<group>"; };
		6525368528D3815A001BC340 /* CaptionGeneratorDelegate.h */ = {isa = PBXFileReference; lastKnownFileType = sourcecode.c.h; path = CaptionGeneratorDelegate.h; sourceTree = "<group>"; };
		6525368628D3851A001BC340 /* MemeLabelMaker.swift */ = {isa = PBXFileReference; lastKnownFileType = sourcecode.swift; path = MemeLabelMaker.swift; sourceTree = "<group>"; };
		6525368828D39447001BC340 /* VideoCaptionGenerator.h */ = {isa = PBXFileReference; lastKnownFileType = sourcecode.c.h; path = VideoCaptionGenerator.h; sourceTree = "<group>"; };
		6525368928D39447001BC340 /* VideoCaptionGenerator.m */ = {isa = PBXFileReference; lastKnownFileType = sourcecode.c.objc; path = VideoCaptionGenerator.m; sourceTree = "<group>"; };
		6525369328D40E57001BC340 /* UILabel+extensions.swift */ = {isa = PBXFileReference; lastKnownFileType = sourcecode.swift; path = "UILabel+extensions.swift"; sourceTree = "<group>"; };
		6525369528D40E67001BC340 /* UIButton+extensions.swift */ = {isa = PBXFileReference; lastKnownFileType = sourcecode.swift; path = "UIButton+extensions.swift"; sourceTree = "<group>"; };
		6525369728D40EFF001BC340 /* XIBLocalizable.swift */ = {isa = PBXFileReference; lastKnownFileType = sourcecode.swift; path = XIBLocalizable.swift; sourceTree = "<group>"; };
		65D66E9828BEAB7800990404 /* iMessageMemeGenerator.app */ = {isa = PBXFileReference; explicitFileType = wrapper.application; includeInIndex = 0; path = iMessageMemeGenerator.app; sourceTree = BUILT_PRODUCTS_DIR; };
		65D66E9B28BEAB7A00990404 /* Assets.xcassets */ = {isa = PBXFileReference; lastKnownFileType = folder.assetcatalog; path = Assets.xcassets; sourceTree = "<group>"; };
		65D66EA128BEAB7A00990404 /* iMessageMemeGenerator MessagesExtension.appex */ = {isa = PBXFileReference; explicitFileType = "wrapper.app-extension"; includeInIndex = 0; path = "iMessageMemeGenerator MessagesExtension.appex"; sourceTree = BUILT_PRODUCTS_DIR; };
		65D66EA628BEAB7A00990404 /* Messages.framework */ = {isa = PBXFileReference; lastKnownFileType = wrapper.framework; name = Messages.framework; path = System/Library/Frameworks/Messages.framework; sourceTree = SDKROOT; };
		65D66EA928BEAB7A00990404 /* MessagesViewController.swift */ = {isa = PBXFileReference; lastKnownFileType = sourcecode.swift; path = MessagesViewController.swift; sourceTree = "<group>"; };
		65D66EAC28BEAB7A00990404 /* Base */ = {isa = PBXFileReference; lastKnownFileType = file.storyboard; name = Base; path = Base.lproj/MainInterface.storyboard; sourceTree = "<group>"; };
		65D66EAE28BEAB7C00990404 /* Assets.xcassets */ = {isa = PBXFileReference; lastKnownFileType = folder.assetcatalog; path = Assets.xcassets; sourceTree = "<group>"; };
		65D66EB028BEAB7C00990404 /* Info.plist */ = {isa = PBXFileReference; lastKnownFileType = text.plist.xml; path = Info.plist; sourceTree = "<group>"; };
		65D66EF228BEB1BE00990404 /* TLPhotoPicker.framework */ = {isa = PBXFileReference; explicitFileType = wrapper.framework; path = TLPhotoPicker.framework; sourceTree = BUILT_PRODUCTS_DIR; };
		65D66EF728BEB79700990404 /* poptart_cat.gif */ = {isa = PBXFileReference; lastKnownFileType = image.gif; path = poptart_cat.gif; sourceTree = "<group>"; };
		65D66EFA28BEBABD00990404 /* LoadingView.swift */ = {isa = PBXFileReference; fileEncoding = 4; lastKnownFileType = sourcecode.swift; path = LoadingView.swift; sourceTree = "<group>"; };
		65D6702C28BEBF8300990404 /* BridgingHeader.h */ = {isa = PBXFileReference; lastKnownFileType = sourcecode.c.h; path = BridgingHeader.h; sourceTree = "<group>"; };
		65D675DC28BF058E00990404 /* libjpeg.a */ = {isa = PBXFileReference; lastKnownFileType = archive.ar; name = libjpeg.a; path = ImageMagick/libjpeg.a; sourceTree = "<group>"; };
		65D675DD28BF059600990404 /* libMagickCore.a */ = {isa = PBXFileReference; lastKnownFileType = archive.ar; name = libMagickCore.a; path = ImageMagick/libMagickCore.a; sourceTree = "<group>"; };
		65D675DE28BF059600990404 /* libpng.a */ = {isa = PBXFileReference; lastKnownFileType = archive.ar; name = libpng.a; path = ImageMagick/libpng.a; sourceTree = "<group>"; };
		65D675DF28BF059600990404 /* libtiff.a */ = {isa = PBXFileReference; lastKnownFileType = archive.ar; name = libtiff.a; path = ImageMagick/libtiff.a; sourceTree = "<group>"; };
		65D675E028BF059600990404 /* libMagickWand.a */ = {isa = PBXFileReference; lastKnownFileType = archive.ar; name = libMagickWand.a; path = ImageMagick/libMagickWand.a; sourceTree = "<group>"; };
		65D675E828BF068100990404 /* libbz2.tbd */ = {isa = PBXFileReference; lastKnownFileType = "sourcecode.text-based-dylib-definition"; name = libbz2.tbd; path = usr/lib/libbz2.tbd; sourceTree = SDKROOT; };
		65D675E928BF069D00990404 /* libz.tbd */ = {isa = PBXFileReference; lastKnownFileType = "sourcecode.text-based-dylib-definition"; name = libz.tbd; path = usr/lib/libz.tbd; sourceTree = SDKROOT; };
		65D675EA28BF06EE00990404 /* libxml2.tbd */ = {isa = PBXFileReference; lastKnownFileType = "sourcecode.text-based-dylib-definition"; name = libxml2.tbd; path = usr/lib/libxml2.tbd; sourceTree = SDKROOT; };
		65D675F028BFB85000990404 /* UIImage+extensions.swift */ = {isa = PBXFileReference; lastKnownFileType = sourcecode.swift; path = "UIImage+extensions.swift"; sourceTree = "<group>"; };
		65D675F228BFD42B00990404 /* LibraryPickerVC.swift */ = {isa = PBXFileReference; lastKnownFileType = sourcecode.swift; path = LibraryPickerVC.swift; sourceTree = "<group>"; };
		65D675F428BFDC2200990404 /* MultiLineInputBoxVC.swift */ = {isa = PBXFileReference; lastKnownFileType = sourcecode.swift; path = MultiLineInputBoxVC.swift; sourceTree = "<group>"; };
		65D675F728BFDD8300990404 /* UIView+extensions.swift */ = {isa = PBXFileReference; lastKnownFileType = sourcecode.swift; path = "UIView+extensions.swift"; sourceTree = "<group>"; };
		65D675FA28BFE0BA00990404 /* TenorPickerVC.swift */ = {isa = PBXFileReference; lastKnownFileType = sourcecode.swift; path = TenorPickerVC.swift; sourceTree = "<group>"; };
		6BA72BE812CE547A0C3FA9E9 /* Pods-iMessageMemeGenerator MessagesExtension.debug.xcconfig */ = {isa = PBXFileReference; includeInIndex = 1; lastKnownFileType = text.xcconfig; name = "Pods-iMessageMemeGenerator MessagesExtension.debug.xcconfig"; path = "Target Support Files/Pods-iMessageMemeGenerator MessagesExtension/Pods-iMessageMemeGenerator MessagesExtension.debug.xcconfig"; sourceTree = "<group>"; };
		841926B8EF94035EBD87766B /* Pods-iMessageMemeGenerator MessagesExtension.release.xcconfig */ = {isa = PBXFileReference; includeInIndex = 1; lastKnownFileType = text.xcconfig; name = "Pods-iMessageMemeGenerator MessagesExtension.release.xcconfig"; path = "Target Support Files/Pods-iMessageMemeGenerator MessagesExtension/Pods-iMessageMemeGenerator MessagesExtension.release.xcconfig"; sourceTree = "<group>"; };
		B75AE25F7D5A06EF6E4754B1 /* Pods-iMessageMemeGenerator.release.xcconfig */ = {isa = PBXFileReference; includeInIndex = 1; lastKnownFileType = text.xcconfig; name = "Pods-iMessageMemeGenerator.release.xcconfig"; path = "Target Support Files/Pods-iMessageMemeGenerator/Pods-iMessageMemeGenerator.release.xcconfig"; sourceTree = "<group>"; };
		CE31A37E3EC25FC7D030D21C /* Pods_iMessageMemeGenerator_MessagesExtension.framework */ = {isa = PBXFileReference; explicitFileType = wrapper.framework; includeInIndex = 0; path = Pods_iMessageMemeGenerator_MessagesExtension.framework; sourceTree = BUILT_PRODUCTS_DIR; };
		E5FE042678AAB25C11A3B877 /* Pods-iMessageMemeGenerator.debug.xcconfig */ = {isa = PBXFileReference; includeInIndex = 1; lastKnownFileType = text.xcconfig; name = "Pods-iMessageMemeGenerator.debug.xcconfig"; path = "Target Support Files/Pods-iMessageMemeGenerator/Pods-iMessageMemeGenerator.debug.xcconfig"; sourceTree = "<group>"; };
/* End PBXFileReference section */

/* Begin PBXFrameworksBuildPhase section */
		65D66E9E28BEAB7A00990404 /* Frameworks */ = {
			isa = PBXFrameworksBuildPhase;
			buildActionMask = 2147483647;
			files = (
				65D675ED28BF06FA00990404 /* libxml2.tbd in Frameworks */,
				65D675EE28BF06FA00990404 /* libz.tbd in Frameworks */,
				65D675EF28BF06FA00990404 /* libbz2.tbd in Frameworks */,
				65D675E128BF05BF00990404 /* libMagickCore.a in Frameworks */,
				65D675E428BF05C600990404 /* libMagickWand.a in Frameworks */,
				65D675E528BF05C600990404 /* libpng.a in Frameworks */,
				65D675E628BF05C600990404 /* libtiff.a in Frameworks */,
				65D675E728BF05C600990404 /* libjpeg.a in Frameworks */,
				65D66EF328BEB1BE00990404 /* TLPhotoPicker.framework in Frameworks */,
				65D66EA728BEAB7A00990404 /* Messages.framework in Frameworks */,
				9238AA58EDEA996E3CBF9629 /* Pods_iMessageMemeGenerator_MessagesExtension.framework in Frameworks */,
			);
			runOnlyForDeploymentPostprocessing = 0;
		};
		B576D71387B32E81B5CEEEF0 /* Frameworks */ = {
			isa = PBXFrameworksBuildPhase;
			buildActionMask = 2147483647;
			files = (
				26D3D4AA897A5BB32E087B6B /* Pods_iMessageMemeGenerator.framework in Frameworks */,
			);
			runOnlyForDeploymentPostprocessing = 0;
		};
/* End PBXFrameworksBuildPhase section */

/* Begin PBXGroup section */
		6525365528C0F794001BC340 /* Views */ = {
			isa = PBXGroup;
			children = (
				65D66EAB28BEAB7A00990404 /* MainInterface.storyboard */,
				65D66EFA28BEBABD00990404 /* LoadingView.swift */,
				6525367428C2974B001BC340 /* LoadingView.xib */,
				6525365628C0FAB9001BC340 /* TenorCollectionViewCell.swift */,
			);
			path = Views;
			sourceTree = "<group>";
		};
		6525365A28C0FB01001BC340 /* Models */ = {
			isa = PBXGroup;
			children = (
				6525365B28C0FCCE001BC340 /* TenorSearchResultsModel.swift */,
				6525365828C0FAFC001BC340 /* TenorGifModel.swift */,
				6525365D28C0FCDE001BC340 /* TenorMediaModel.swift */,
			);
			path = Models;
			sourceTree = "<group>";
		};
		6525366328C13E39001BC340 /* Controllers */ = {
			isa = PBXGroup;
			children = (
				6525366528C13E7D001BC340 /* TenorSearchResultsController.swift */,
				6525366728C13F51001BC340 /* TenorAPI.swift */,
				6525367928CF9167001BC340 /* LayoutSettings.swift */,
				6525368B28D3AD4A001BC340 /* Caption Generator */,
			);
			path = Controllers;
			sourceTree = "<group>";
		};
		6525366428C13E52001BC340 /* Images */ = {
			isa = PBXGroup;
			children = (
				65D66EAE28BEAB7C00990404 /* Assets.xcassets */,
				65D66EF728BEB79700990404 /* poptart_cat.gif */,
			);
			path = Images;
			sourceTree = "<group>";
		};
		6525368B28D3AD4A001BC340 /* Caption Generator */ = {
			isa = PBXGroup;
			children = (
				6525368628D3851A001BC340 /* MemeLabelMaker.swift */,
				6525368228D37D5E001BC340 /* ImageCaptionGenerator.h */,
				6525368328D37D5E001BC340 /* ImageCaptionGenerator.m */,
				6525368828D39447001BC340 /* VideoCaptionGenerator.h */,
				6525368928D39447001BC340 /* VideoCaptionGenerator.m */,
			);
			path = "Caption Generator";
			sourceTree = "<group>";
		};
		6525368C28D40C36001BC340 /* Protocols & Interfaces */ = {
			isa = PBXGroup;
			children = (
				6525368528D3815A001BC340 /* CaptionGeneratorDelegate.h */,
				6525369728D40EFF001BC340 /* XIBLocalizable.swift */,
			);
			path = "Protocols & Interfaces";
			sourceTree = "<group>";
		};
		65D66E9128BEAB7800990404 = {
			isa = PBXGroup;
			children = (
				65D66E9A28BEAB7800990404 /* iMessageMemeGenerator */,
				65D66EA828BEAB7A00990404 /* iMessageMemeGenerator MessagesExtension */,
				65D66EA528BEAB7A00990404 /* Frameworks */,
				65D66E9928BEAB7800990404 /* Products */,
				FC9E2CE29A7A78A441B9E76D /* Pods */,
			);
			sourceTree = "<group>";
		};
		65D66E9928BEAB7800990404 /* Products */ = {
			isa = PBXGroup;
			children = (
				65D66E9828BEAB7800990404 /* iMessageMemeGenerator.app */,
				65D66EA128BEAB7A00990404 /* iMessageMemeGenerator MessagesExtension.appex */,
			);
			name = Products;
			sourceTree = "<group>";
		};
		65D66E9A28BEAB7800990404 /* iMessageMemeGenerator */ = {
			isa = PBXGroup;
			children = (
				65D66E9B28BEAB7A00990404 /* Assets.xcassets */,
				6525364F28C01157001BC340 /* Info.plist */,
			);
			path = iMessageMemeGenerator;
			sourceTree = "<group>";
		};
		65D66EA528BEAB7A00990404 /* Frameworks */ = {
			isa = PBXGroup;
			children = (
				65D675EA28BF06EE00990404 /* libxml2.tbd */,
				65D675E928BF069D00990404 /* libz.tbd */,
				65D675E828BF068100990404 /* libbz2.tbd */,
				65D675DD28BF059600990404 /* libMagickCore.a */,
				65D675E028BF059600990404 /* libMagickWand.a */,
				65D675DE28BF059600990404 /* libpng.a */,
				65D675DF28BF059600990404 /* libtiff.a */,
				65D675DC28BF058E00990404 /* libjpeg.a */,
				65D66EF228BEB1BE00990404 /* TLPhotoPicker.framework */,
				65D66EA628BEAB7A00990404 /* Messages.framework */,
				519811D54592E0779C58C7D8 /* Pods_iMessageMemeGenerator.framework */,
				CE31A37E3EC25FC7D030D21C /* Pods_iMessageMemeGenerator_MessagesExtension.framework */,
			);
			name = Frameworks;
			sourceTree = "<group>";
		};
		65D66EA828BEAB7A00990404 /* iMessageMemeGenerator MessagesExtension */ = {
			isa = PBXGroup;
			children = (
				6525368C28D40C36001BC340 /* Protocols & Interfaces */,
				6525366328C13E39001BC340 /* Controllers */,
				65D675F928BFDD9800990404 /* Extensions */,
				6525365A28C0FB01001BC340 /* Models */,
				6525365528C0F794001BC340 /* Views */,
				65D675F628BFDC3200990404 /* View Controllers */,
				6525366428C13E52001BC340 /* Images */,
				65D66EB028BEAB7C00990404 /* Info.plist */,
				65D6702C28BEBF8300990404 /* BridgingHeader.h */,
				6525366E28C2930D001BC340 /* Localizable.strings */,
			);
			path = "iMessageMemeGenerator MessagesExtension";
			sourceTree = "<group>";
		};
		65D675F628BFDC3200990404 /* View Controllers */ = {
			isa = PBXGroup;
			children = (
				65D66EA928BEAB7A00990404 /* MessagesViewController.swift */,
				65D675F228BFD42B00990404 /* LibraryPickerVC.swift */,
				65D675FA28BFE0BA00990404 /* TenorPickerVC.swift */,
				65D675F428BFDC2200990404 /* MultiLineInputBoxVC.swift */,
			);
			path = "View Controllers";
			sourceTree = "<group>";
		};
		65D675F928BFDD9800990404 /* Extensions */ = {
			isa = PBXGroup;
			children = (
				65D675F028BFB85000990404 /* UIImage+extensions.swift */,
				65D675F728BFDD8300990404 /* UIView+extensions.swift */,
				6525366128C1252A001BC340 /* UIViewController+extensions.swift */,
				6525367028C29635001BC340 /* String+extensions.swift */,
				6525369328D40E57001BC340 /* UILabel+extensions.swift */,
				6525369528D40E67001BC340 /* UIButton+extensions.swift */,
			);
			path = Extensions;
			sourceTree = "<group>";
		};
		FC9E2CE29A7A78A441B9E76D /* Pods */ = {
			isa = PBXGroup;
			children = (
				E5FE042678AAB25C11A3B877 /* Pods-iMessageMemeGenerator.debug.xcconfig */,
				B75AE25F7D5A06EF6E4754B1 /* Pods-iMessageMemeGenerator.release.xcconfig */,
				6BA72BE812CE547A0C3FA9E9 /* Pods-iMessageMemeGenerator MessagesExtension.debug.xcconfig */,
				841926B8EF94035EBD87766B /* Pods-iMessageMemeGenerator MessagesExtension.release.xcconfig */,
			);
			path = Pods;
			sourceTree = "<group>";
		};
/* End PBXGroup section */

/* Begin PBXNativeTarget section */
		65D66E9728BEAB7800990404 /* iMessageMemeGenerator */ = {
			isa = PBXNativeTarget;
			buildConfigurationList = 65D66EB728BEAB7C00990404 /* Build configuration list for PBXNativeTarget "iMessageMemeGenerator" */;
			buildPhases = (
				690CB5E53046F4FF5332A49A /* [CP] Check Pods Manifest.lock */,
				65D66E9628BEAB7800990404 /* Resources */,
				65D66EB628BEAB7C00990404 /* Embed App Extensions */,
				B576D71387B32E81B5CEEEF0 /* Frameworks */,
				0ED60BD8AAD106C4B5A7DD95 /* [CP] Embed Pods Frameworks */,
				6541700528CBB3630005C72E /* ShellScript */,
			);
			buildRules = (
			);
			dependencies = (
				65D66EA428BEAB7A00990404 /* PBXTargetDependency */,
			);
			name = iMessageMemeGenerator;
			productName = iMessageMemeGenerator;
			productReference = 65D66E9828BEAB7800990404 /* iMessageMemeGenerator.app */;
			productType = "com.apple.product-type.application.messages";
		};
		65D66EA028BEAB7A00990404 /* iMessageMemeGenerator MessagesExtension */ = {
			isa = PBXNativeTarget;
			buildConfigurationList = 65D66EB328BEAB7C00990404 /* Build configuration list for PBXNativeTarget "iMessageMemeGenerator MessagesExtension" */;
			buildPhases = (
				D253D1EE4A80F1AC3435D8EC /* [CP] Check Pods Manifest.lock */,
				65D66E9D28BEAB7A00990404 /* Sources */,
				65D66E9E28BEAB7A00990404 /* Frameworks */,
				65D66E9F28BEAB7A00990404 /* Resources */,
				65D66EF528BEB1BE00990404 /* Embed Frameworks */,
			);
			buildRules = (
			);
			dependencies = (
			);
			name = "iMessageMemeGenerator MessagesExtension";
			productName = "iMessageMemeGenerator MessagesExtension";
			productReference = 65D66EA128BEAB7A00990404 /* iMessageMemeGenerator MessagesExtension.appex */;
			productType = "com.apple.product-type.app-extension.messages";
		};
/* End PBXNativeTarget section */

/* Begin PBXProject section */
		65D66E9228BEAB7800990404 /* Project object */ = {
			isa = PBXProject;
			attributes = {
				BuildIndependentTargetsInParallel = 1;
				LastSwiftUpdateCheck = 1340;
				LastUpgradeCheck = 1340;
				TargetAttributes = {
					65D66E9728BEAB7800990404 = {
						CreatedOnToolsVersion = 13.4.1;
						LastSwiftMigration = 1340;
					};
					65D66EA028BEAB7A00990404 = {
						CreatedOnToolsVersion = 13.4.1;
						LastSwiftMigration = 1340;
					};
				};
			};
			buildConfigurationList = 65D66E9528BEAB7800990404 /* Build configuration list for PBXProject "iMessageMemeGenerator" */;
			compatibilityVersion = "Xcode 13.0";
			developmentRegion = en;
			hasScannedForEncodings = 0;
			knownRegions = (
				en,
				Base,
				es,
			);
			mainGroup = 65D66E9128BEAB7800990404;
			productRefGroup = 65D66E9928BEAB7800990404 /* Products */;
			projectDirPath = "";
			projectRoot = "";
			targets = (
				65D66E9728BEAB7800990404 /* iMessageMemeGenerator */,
				65D66EA028BEAB7A00990404 /* iMessageMemeGenerator MessagesExtension */,
			);
		};
/* End PBXProject section */

/* Begin PBXResourcesBuildPhase section */
		65D66E9628BEAB7800990404 /* Resources */ = {
			isa = PBXResourcesBuildPhase;
			buildActionMask = 2147483647;
			files = (
				65D66E9C28BEAB7A00990404 /* Assets.xcassets in Resources */,
			);
			runOnlyForDeploymentPostprocessing = 0;
		};
		65D66E9F28BEAB7A00990404 /* Resources */ = {
			isa = PBXResourcesBuildPhase;
			buildActionMask = 2147483647;
			files = (
				6525366C28C2930D001BC340 /* Localizable.strings in Resources */,
				65D66EAF28BEAB7C00990404 /* Assets.xcassets in Resources */,
				65D66EF828BEB79700990404 /* poptart_cat.gif in Resources */,
				6525367228C2974B001BC340 /* LoadingView.xib in Resources */,
				65D66EAD28BEAB7A00990404 /* MainInterface.storyboard in Resources */,
			);
			runOnlyForDeploymentPostprocessing = 0;
		};
/* End PBXResourcesBuildPhase section */

/* Begin PBXShellScriptBuildPhase section */
		0ED60BD8AAD106C4B5A7DD95 /* [CP] Embed Pods Frameworks */ = {
			isa = PBXShellScriptBuildPhase;
			buildActionMask = 2147483647;
			files = (
			);
			inputFileListPaths = (
				"${PODS_ROOT}/Target Support Files/Pods-iMessageMemeGenerator/Pods-iMessageMemeGenerator-frameworks-${CONFIGURATION}-input-files.xcfilelist",
			);
			name = "[CP] Embed Pods Frameworks";
			outputFileListPaths = (
				"${PODS_ROOT}/Target Support Files/Pods-iMessageMemeGenerator/Pods-iMessageMemeGenerator-frameworks-${CONFIGURATION}-output-files.xcfilelist",
			);
			runOnlyForDeploymentPostprocessing = 0;
			shellPath = /bin/sh;
			shellScript = "\"${PODS_ROOT}/Target Support Files/Pods-iMessageMemeGenerator/Pods-iMessageMemeGenerator-frameworks.sh\"\n";
			showEnvVarsInLog = 0;
		};
		6541700528CBB3630005C72E /* ShellScript */ = {
			isa = PBXShellScriptBuildPhase;
			buildActionMask = 2147483647;
			files = (
			);
			inputFileListPaths = (
			);
			inputPaths = (
			);
			outputFileListPaths = (
			);
			outputPaths = (
			);
			runOnlyForDeploymentPostprocessing = 0;
			shellPath = /bin/sh;
			shellScript = "# Type a script or drag a script file from your workspace to insert its path.\nif which swiftlint >/dev/null; then\n  swiftlint\nelse\n  echo \"warning: SwiftLint not installed, download from https://github.com/realm/SwiftLint\"\nfi\n";
		};
		690CB5E53046F4FF5332A49A /* [CP] Check Pods Manifest.lock */ = {
			isa = PBXShellScriptBuildPhase;
			buildActionMask = 2147483647;
			files = (
			);
			inputFileListPaths = (
			);
			inputPaths = (
				"${PODS_PODFILE_DIR_PATH}/Podfile.lock",
				"${PODS_ROOT}/Manifest.lock",
			);
			name = "[CP] Check Pods Manifest.lock";
			outputFileListPaths = (
			);
			outputPaths = (
				"$(DERIVED_FILE_DIR)/Pods-iMessageMemeGenerator-checkManifestLockResult.txt",
			);
			runOnlyForDeploymentPostprocessing = 0;
			shellPath = /bin/sh;
			shellScript = "diff \"${PODS_PODFILE_DIR_PATH}/Podfile.lock\" \"${PODS_ROOT}/Manifest.lock\" > /dev/null\nif [ $? != 0 ] ; then\n    # print error to STDERR\n    echo \"error: The sandbox is not in sync with the Podfile.lock. Run 'pod install' or update your CocoaPods installation.\" >&2\n    exit 1\nfi\n# This output is used by Xcode 'outputs' to avoid re-running this script phase.\necho \"SUCCESS\" > \"${SCRIPT_OUTPUT_FILE_0}\"\n";
			showEnvVarsInLog = 0;
		};
		D253D1EE4A80F1AC3435D8EC /* [CP] Check Pods Manifest.lock */ = {
			isa = PBXShellScriptBuildPhase;
			buildActionMask = 2147483647;
			files = (
			);
			inputFileListPaths = (
			);
			inputPaths = (
				"${PODS_PODFILE_DIR_PATH}/Podfile.lock",
				"${PODS_ROOT}/Manifest.lock",
			);
			name = "[CP] Check Pods Manifest.lock";
			outputFileListPaths = (
			);
			outputPaths = (
				"$(DERIVED_FILE_DIR)/Pods-iMessageMemeGenerator MessagesExtension-checkManifestLockResult.txt",
			);
			runOnlyForDeploymentPostprocessing = 0;
			shellPath = /bin/sh;
			shellScript = "diff \"${PODS_PODFILE_DIR_PATH}/Podfile.lock\" \"${PODS_ROOT}/Manifest.lock\" > /dev/null\nif [ $? != 0 ] ; then\n    # print error to STDERR\n    echo \"error: The sandbox is not in sync with the Podfile.lock. Run 'pod install' or update your CocoaPods installation.\" >&2\n    exit 1\nfi\n# This output is used by Xcode 'outputs' to avoid re-running this script phase.\necho \"SUCCESS\" > \"${SCRIPT_OUTPUT_FILE_0}\"\n";
			showEnvVarsInLog = 0;
		};
/* End PBXShellScriptBuildPhase section */

/* Begin PBXSourcesBuildPhase section */
		65D66E9D28BEAB7A00990404 /* Sources */ = {
			isa = PBXSourcesBuildPhase;
			buildActionMask = 2147483647;
			files = (
				6525365C28C0FCCE001BC340 /* TenorSearchResultsModel.swift in Sources */,
				6525365E28C0FCDE001BC340 /* TenorMediaModel.swift in Sources */,
				6525368A28D39447001BC340 /* VideoCaptionGenerator.m in Sources */,
				65D675F828BFDD8300990404 /* UIView+extensions.swift in Sources */,
				65D66EFC28BEBABD00990404 /* LoadingView.swift in Sources */,
				6525367128C29635001BC340 /* String+extensions.swift in Sources */,
				65D66EAA28BEAB7A00990404 /* MessagesViewController.swift in Sources */,
				6525366828C13F51001BC340 /* TenorAPI.swift in Sources */,
				6525368428D37D5E001BC340 /* ImageCaptionGenerator.m in Sources */,
				6525367A28CF9434001BC340 /* LayoutSettings.swift in Sources */,
				6525366228C1252A001BC340 /* UIViewController+extensions.swift in Sources */,
				6525369428D40E57001BC340 /* UILabel+extensions.swift in Sources */,
				65D675F528BFDC2200990404 /* MultiLineInputBoxVC.swift in Sources */,
				6525369628D40E67001BC340 /* UIButton+extensions.swift in Sources */,
				6525365928C0FAFC001BC340 /* TenorGifModel.swift in Sources */,
				65D675FB28BFE0BA00990404 /* TenorPickerVC.swift in Sources */,
				65D675F128BFB85000990404 /* UIImage+extensions.swift in Sources */,
				6525366628C13E7D001BC340 /* TenorSearchResultsController.swift in Sources */,
				6525365728C0FAB9001BC340 /* TenorCollectionViewCell.swift in Sources */,
				65D675F328BFD42B00990404 /* LibraryPickerVC.swift in Sources */,
				6525369828D40EFF001BC340 /* XIBLocalizable.swift in Sources */,
				6525368728D3851A001BC340 /* MemeLabelMaker.swift in Sources */,
			);
			runOnlyForDeploymentPostprocessing = 0;
		};
/* End PBXSourcesBuildPhase section */

/* Begin PBXTargetDependency section */
		65D66EA428BEAB7A00990404 /* PBXTargetDependency */ = {
			isa = PBXTargetDependency;
			target = 65D66EA028BEAB7A00990404 /* iMessageMemeGenerator MessagesExtension */;
			targetProxy = 65D66EA328BEAB7A00990404 /* PBXContainerItemProxy */;
		};
/* End PBXTargetDependency section */

/* Begin PBXVariantGroup section */
		6525366E28C2930D001BC340 /* Localizable.strings */ = {
			isa = PBXVariantGroup;
			children = (
				6525366D28C2930D001BC340 /* es */,
				6525366F28C29311001BC340 /* en */,
			);
			name = Localizable.strings;
			sourceTree = "<group>";
		};
		6525367428C2974B001BC340 /* LoadingView.xib */ = {
			isa = PBXVariantGroup;
			children = (
				6525367528C2975E001BC340 /* Base */,
				6525367728C29784001BC340 /* es */,
			);
			name = LoadingView.xib;
			sourceTree = "<group>";
		};
		65D66EAB28BEAB7A00990404 /* MainInterface.storyboard */ = {
			isa = PBXVariantGroup;
			children = (
				65D66EAC28BEAB7A00990404 /* Base */,
				6525366B28C16AB7001BC340 /* es */,
			);
			name = MainInterface.storyboard;
			sourceTree = "<group>";
		};
/* End PBXVariantGroup section */

/* Begin XCBuildConfiguration section */
		65D66EB128BEAB7C00990404 /* Debug */ = {
			isa = XCBuildConfiguration;
			buildSettings = {
				ALWAYS_SEARCH_USER_PATHS = NO;
				CLANG_ANALYZER_LOCALIZABILITY_NONLOCALIZED = YES;
				CLANG_ANALYZER_NONNULL = YES;
				CLANG_ANALYZER_NUMBER_OBJECT_CONVERSION = YES_AGGRESSIVE;
				CLANG_CXX_LANGUAGE_STANDARD = "gnu++17";
				CLANG_ENABLE_MODULES = YES;
				CLANG_ENABLE_OBJC_ARC = YES;
				CLANG_ENABLE_OBJC_WEAK = YES;
				CLANG_WARN_BLOCK_CAPTURE_AUTORELEASING = YES;
				CLANG_WARN_BOOL_CONVERSION = YES;
				CLANG_WARN_COMMA = YES;
				CLANG_WARN_CONSTANT_CONVERSION = YES;
				CLANG_WARN_DEPRECATED_OBJC_IMPLEMENTATIONS = YES;
				CLANG_WARN_DIRECT_OBJC_ISA_USAGE = YES_ERROR;
				CLANG_WARN_DOCUMENTATION_COMMENTS = YES;
				CLANG_WARN_EMPTY_BODY = YES;
				CLANG_WARN_ENUM_CONVERSION = YES;
				CLANG_WARN_INFINITE_RECURSION = YES;
				CLANG_WARN_INT_CONVERSION = YES;
				CLANG_WARN_NON_LITERAL_NULL_CONVERSION = YES;
				CLANG_WARN_OBJC_IMPLICIT_RETAIN_SELF = YES;
				CLANG_WARN_OBJC_LITERAL_CONVERSION = YES;
				CLANG_WARN_OBJC_ROOT_CLASS = YES_ERROR;
				CLANG_WARN_QUOTED_INCLUDE_IN_FRAMEWORK_HEADER = YES;
				CLANG_WARN_RANGE_LOOP_ANALYSIS = YES;
				CLANG_WARN_STRICT_PROTOTYPES = YES;
				CLANG_WARN_SUSPICIOUS_MOVE = YES;
				CLANG_WARN_UNGUARDED_AVAILABILITY = YES_AGGRESSIVE;
				CLANG_WARN_UNREACHABLE_CODE = YES;
				CLANG_WARN__DUPLICATE_METHOD_MATCH = YES;
				COPY_PHASE_STRIP = NO;
				DEBUG_INFORMATION_FORMAT = dwarf;
				ENABLE_STRICT_OBJC_MSGSEND = YES;
				ENABLE_TESTABILITY = YES;
				GCC_C_LANGUAGE_STANDARD = gnu11;
				GCC_DYNAMIC_NO_PIC = NO;
				GCC_NO_COMMON_BLOCKS = YES;
				GCC_OPTIMIZATION_LEVEL = 0;
				GCC_PREPROCESSOR_DEFINITIONS = (
					"DEBUG=1",
					"$(inherited)",
				);
				GCC_WARN_64_TO_32_BIT_CONVERSION = YES;
				GCC_WARN_ABOUT_RETURN_TYPE = YES_ERROR;
				GCC_WARN_UNDECLARED_SELECTOR = YES;
				GCC_WARN_UNINITIALIZED_AUTOS = YES_AGGRESSIVE;
				GCC_WARN_UNUSED_FUNCTION = YES;
				GCC_WARN_UNUSED_VARIABLE = YES;
				IPHONEOS_DEPLOYMENT_TARGET = 15.0;
				MTL_ENABLE_DEBUG_INFO = INCLUDE_SOURCE;
				MTL_FAST_MATH = YES;
				ONLY_ACTIVE_ARCH = YES;
				SDKROOT = iphoneos;
				SWIFT_ACTIVE_COMPILATION_CONDITIONS = DEBUG;
				SWIFT_OPTIMIZATION_LEVEL = "-Onone";
			};
			name = Debug;
		};
		65D66EB228BEAB7C00990404 /* Release */ = {
			isa = XCBuildConfiguration;
			buildSettings = {
				ALWAYS_SEARCH_USER_PATHS = NO;
				CLANG_ANALYZER_LOCALIZABILITY_NONLOCALIZED = YES;
				CLANG_ANALYZER_NONNULL = YES;
				CLANG_ANALYZER_NUMBER_OBJECT_CONVERSION = YES_AGGRESSIVE;
				CLANG_CXX_LANGUAGE_STANDARD = "gnu++17";
				CLANG_ENABLE_MODULES = YES;
				CLANG_ENABLE_OBJC_ARC = YES;
				CLANG_ENABLE_OBJC_WEAK = YES;
				CLANG_WARN_BLOCK_CAPTURE_AUTORELEASING = YES;
				CLANG_WARN_BOOL_CONVERSION = YES;
				CLANG_WARN_COMMA = YES;
				CLANG_WARN_CONSTANT_CONVERSION = YES;
				CLANG_WARN_DEPRECATED_OBJC_IMPLEMENTATIONS = YES;
				CLANG_WARN_DIRECT_OBJC_ISA_USAGE = YES_ERROR;
				CLANG_WARN_DOCUMENTATION_COMMENTS = YES;
				CLANG_WARN_EMPTY_BODY = YES;
				CLANG_WARN_ENUM_CONVERSION = YES;
				CLANG_WARN_INFINITE_RECURSION = YES;
				CLANG_WARN_INT_CONVERSION = YES;
				CLANG_WARN_NON_LITERAL_NULL_CONVERSION = YES;
				CLANG_WARN_OBJC_IMPLICIT_RETAIN_SELF = YES;
				CLANG_WARN_OBJC_LITERAL_CONVERSION = YES;
				CLANG_WARN_OBJC_ROOT_CLASS = YES_ERROR;
				CLANG_WARN_QUOTED_INCLUDE_IN_FRAMEWORK_HEADER = YES;
				CLANG_WARN_RANGE_LOOP_ANALYSIS = YES;
				CLANG_WARN_STRICT_PROTOTYPES = YES;
				CLANG_WARN_SUSPICIOUS_MOVE = YES;
				CLANG_WARN_UNGUARDED_AVAILABILITY = YES_AGGRESSIVE;
				CLANG_WARN_UNREACHABLE_CODE = YES;
				CLANG_WARN__DUPLICATE_METHOD_MATCH = YES;
				COPY_PHASE_STRIP = NO;
				DEBUG_INFORMATION_FORMAT = "dwarf-with-dsym";
				ENABLE_NS_ASSERTIONS = NO;
				ENABLE_STRICT_OBJC_MSGSEND = YES;
				GCC_C_LANGUAGE_STANDARD = gnu11;
				GCC_NO_COMMON_BLOCKS = YES;
				GCC_WARN_64_TO_32_BIT_CONVERSION = YES;
				GCC_WARN_ABOUT_RETURN_TYPE = YES_ERROR;
				GCC_WARN_UNDECLARED_SELECTOR = YES;
				GCC_WARN_UNINITIALIZED_AUTOS = YES_AGGRESSIVE;
				GCC_WARN_UNUSED_FUNCTION = YES;
				GCC_WARN_UNUSED_VARIABLE = YES;
				IPHONEOS_DEPLOYMENT_TARGET = 15.0;
				MTL_ENABLE_DEBUG_INFO = NO;
				MTL_FAST_MATH = YES;
				SDKROOT = iphoneos;
				SWIFT_COMPILATION_MODE = wholemodule;
				SWIFT_OPTIMIZATION_LEVEL = "-O";
				VALIDATE_PRODUCT = YES;
			};
			name = Release;
		};
		65D66EB428BEAB7C00990404 /* Debug */ = {
			isa = XCBuildConfiguration;
			baseConfigurationReference = 6BA72BE812CE547A0C3FA9E9 /* Pods-iMessageMemeGenerator MessagesExtension.debug.xcconfig */;
			buildSettings = {
				ASSETCATALOG_COMPILER_APPICON_NAME = "iMessage App Icon";
				CLANG_ENABLE_MODULES = YES;
				CODE_SIGN_STYLE = Automatic;
				CURRENT_PROJECT_VERSION = 1;
				GENERATE_INFOPLIST_FILE = YES;
				HEADER_SEARCH_PATHS = (
					"$(inherited)",
					"\"${PODS_CONFIGURATION_BUILD_DIR}/Alamofire/Alamofire.framework/Headers\"",
					"\"${PODS_CONFIGURATION_BUILD_DIR}/FLAnimatedImage/FLAnimatedImage.framework/Headers\"",
					"\"${PODS_CONFIGURATION_BUILD_DIR}/MASegmentedControl/MASegmentedControl.framework/Headers\"",
					"\"${PODS_CONFIGURATION_BUILD_DIR}/Nuke-FLAnimatedImage-Plugin/NukeFLAnimatedImagePlugin.framework/Headers\"",
					"\"${PODS_CONFIGURATION_BUILD_DIR}/Nuke/Nuke.framework/Headers\"",
					"\"${PODS_CONFIGURATION_BUILD_DIR}/SnapKit/SnapKit.framework/Headers\"",
					"$(PROJECT_DIR)/ImageMagick/**",
				);
				INFOPLIST_FILE = "iMessageMemeGenerator MessagesExtension/Info.plist";
				INFOPLIST_KEY_CFBundleDisplayName = iMessageMemeGenerator;
				INFOPLIST_KEY_NSHumanReadableCopyright = "";
				IPHONEOS_DEPLOYMENT_TARGET = 15.0;
				LD_RUNPATH_SEARCH_PATHS = (
					"$(inherited)",
					"@executable_path/Frameworks",
					"@executable_path/../../Frameworks",
				);
				LIBRARY_SEARCH_PATHS = (
					"$(inherited)",
					"$(PROJECT_DIR)/ImageMagick",
				);
				MARKETING_VERSION = 1.0;
				OTHER_CFLAGS = "-Dmacintosh=1";
				PRODUCT_BUNDLE_IDENTIFIER = com.test.iMessageMemeGenerator.MessagesExtension;
				PRODUCT_NAME = "$(TARGET_NAME)";
				SKIP_INSTALL = YES;
				SWIFT_EMIT_LOC_STRINGS = YES;
				SWIFT_OBJC_BRIDGING_HEADER = "$(SRCROOT)/iMessageMemeGenerator MessagesExtension/BridgingHeader.h";
				SWIFT_OPTIMIZATION_LEVEL = "-Onone";
				SWIFT_VERSION = 5.0;
				TARGETED_DEVICE_FAMILY = "1,2";
			};
			name = Debug;
		};
		65D66EB528BEAB7C00990404 /* Release */ = {
			isa = XCBuildConfiguration;
			baseConfigurationReference = 841926B8EF94035EBD87766B /* Pods-iMessageMemeGenerator MessagesExtension.release.xcconfig */;
			buildSettings = {
				ASSETCATALOG_COMPILER_APPICON_NAME = "iMessage App Icon";
				CLANG_ENABLE_MODULES = YES;
				CODE_SIGN_STYLE = Automatic;
				CURRENT_PROJECT_VERSION = 1;
				GENERATE_INFOPLIST_FILE = YES;
				HEADER_SEARCH_PATHS = (
					"$(inherited)",
					"\"${PODS_CONFIGURATION_BUILD_DIR}/Alamofire/Alamofire.framework/Headers\"",
					"\"${PODS_CONFIGURATION_BUILD_DIR}/FLAnimatedImage/FLAnimatedImage.framework/Headers\"",
					"\"${PODS_CONFIGURATION_BUILD_DIR}/MASegmentedControl/MASegmentedControl.framework/Headers\"",
					"\"${PODS_CONFIGURATION_BUILD_DIR}/Nuke-FLAnimatedImage-Plugin/NukeFLAnimatedImagePlugin.framework/Headers\"",
					"\"${PODS_CONFIGURATION_BUILD_DIR}/Nuke/Nuke.framework/Headers\"",
					"\"${PODS_CONFIGURATION_BUILD_DIR}/SnapKit/SnapKit.framework/Headers\"",
					"$(PROJECT_DIR)/ImageMagick/**",
				);
				INFOPLIST_FILE = "iMessageMemeGenerator MessagesExtension/Info.plist";
				INFOPLIST_KEY_CFBundleDisplayName = iMessageMemeGenerator;
				INFOPLIST_KEY_NSHumanReadableCopyright = "";
				IPHONEOS_DEPLOYMENT_TARGET = 15.0;
				LD_RUNPATH_SEARCH_PATHS = (
					"$(inherited)",
					"@executable_path/Frameworks",
					"@executable_path/../../Frameworks",
				);
				LIBRARY_SEARCH_PATHS = (
					"$(inherited)",
					"$(PROJECT_DIR)/ImageMagick",
				);
				MARKETING_VERSION = 1.0;
				OTHER_CFLAGS = "-Dmacintosh=1";
				PRODUCT_BUNDLE_IDENTIFIER = com.test.iMessageMemeGenerator.MessagesExtension;
				PRODUCT_NAME = "$(TARGET_NAME)";
				SKIP_INSTALL = YES;
				SWIFT_EMIT_LOC_STRINGS = YES;
				SWIFT_OBJC_BRIDGING_HEADER = "$(SRCROOT)/iMessageMemeGenerator MessagesExtension/BridgingHeader.h";
				SWIFT_VERSION = 5.0;
				TARGETED_DEVICE_FAMILY = "1,2";
			};
			name = Release;
		};
		65D66EB828BEAB7C00990404 /* Debug */ = {
			isa = XCBuildConfiguration;
			baseConfigurationReference = E5FE042678AAB25C11A3B877 /* Pods-iMessageMemeGenerator.debug.xcconfig */;
			buildSettings = {
				ALWAYS_EMBED_SWIFT_STANDARD_LIBRARIES = YES;
				ASSETCATALOG_COMPILER_APPICON_NAME = AppIcon;
				CLANG_ENABLE_MODULES = YES;
				CODE_SIGN_STYLE = Automatic;
				CURRENT_PROJECT_VERSION = 1;
				GENERATE_INFOPLIST_FILE = YES;
				INFOPLIST_FILE = "$(PROJECT_DIR)/iMessageMemeGenerator/Info.plist";
				INFOPLIST_KEY_UILaunchStoryboardName = LaunchScreen;
				INFOPLIST_KEY_UISupportedInterfaceOrientations_iPad = "UIInterfaceOrientationPortrait UIInterfaceOrientationPortraitUpsideDown UIInterfaceOrientationLandscapeLeft UIInterfaceOrientationLandscapeRight";
				INFOPLIST_KEY_UISupportedInterfaceOrientations_iPhone = "UIInterfaceOrientationPortrait UIInterfaceOrientationLandscapeLeft UIInterfaceOrientationLandscapeRight";
				IPHONEOS_DEPLOYMENT_TARGET = 15.0;
				LD_RUNPATH_SEARCH_PATHS = (
					"$(inherited)",
					"@executable_path/Frameworks",
					"@loader_path/Frameworks",
				);
				MARKETING_VERSION = 1.0;
				PRODUCT_BUNDLE_IDENTIFIER = com.test.iMessageMemeGenerator;
				PRODUCT_NAME = "$(TARGET_NAME)";
				SWIFT_EMIT_LOC_STRINGS = YES;
				SWIFT_OPTIMIZATION_LEVEL = "-Onone";
				SWIFT_VERSION = 5.0;
				TARGETED_DEVICE_FAMILY = "1,2";
			};
			name = Debug;
		};
		65D66EB928BEAB7C00990404 /* Release */ = {
			isa = XCBuildConfiguration;
			baseConfigurationReference = B75AE25F7D5A06EF6E4754B1 /* Pods-iMessageMemeGenerator.release.xcconfig */;
			buildSettings = {
				ALWAYS_EMBED_SWIFT_STANDARD_LIBRARIES = YES;
				ASSETCATALOG_COMPILER_APPICON_NAME = AppIcon;
				CLANG_ENABLE_MODULES = YES;
				CODE_SIGN_STYLE = Automatic;
				CURRENT_PROJECT_VERSION = 1;
				GENERATE_INFOPLIST_FILE = YES;
				INFOPLIST_FILE = "$(PROJECT_DIR)/iMessageMemeGenerator/Info.plist";
				INFOPLIST_KEY_UILaunchStoryboardName = LaunchScreen;
				INFOPLIST_KEY_UISupportedInterfaceOrientations_iPad = "UIInterfaceOrientationPortrait UIInterfaceOrientationPortraitUpsideDown UIInterfaceOrientationLandscapeLeft UIInterfaceOrientationLandscapeRight";
				INFOPLIST_KEY_UISupportedInterfaceOrientations_iPhone = "UIInterfaceOrientationPortrait UIInterfaceOrientationLandscapeLeft UIInterfaceOrientationLandscapeRight";
				IPHONEOS_DEPLOYMENT_TARGET = 15.0;
				LD_RUNPATH_SEARCH_PATHS = (
					"$(inherited)",
					"@executable_path/Frameworks",
					"@loader_path/Frameworks",
				);
				MARKETING_VERSION = 1.0;
				PRODUCT_BUNDLE_IDENTIFIER = com.test.iMessageMemeGenerator;
				PRODUCT_NAME = "$(TARGET_NAME)";
				SWIFT_EMIT_LOC_STRINGS = YES;
				SWIFT_VERSION = 5.0;
				TARGETED_DEVICE_FAMILY = "1,2";
			};
			name = Release;
		};
/* End XCBuildConfiguration section */

/* Begin XCConfigurationList section */
		65D66E9528BEAB7800990404 /* Build configuration list for PBXProject "iMessageMemeGenerator" */ = {
			isa = XCConfigurationList;
			buildConfigurations = (
				65D66EB128BEAB7C00990404 /* Debug */,
				65D66EB228BEAB7C00990404 /* Release */,
			);
			defaultConfigurationIsVisible = 0;
			defaultConfigurationName = Release;
		};
		65D66EB328BEAB7C00990404 /* Build configuration list for PBXNativeTarget "iMessageMemeGenerator MessagesExtension" */ = {
			isa = XCConfigurationList;
			buildConfigurations = (
				65D66EB428BEAB7C00990404 /* Debug */,
				65D66EB528BEAB7C00990404 /* Release */,
			);
			defaultConfigurationIsVisible = 0;
			defaultConfigurationName = Release;
		};
		65D66EB728BEAB7C00990404 /* Build configuration list for PBXNativeTarget "iMessageMemeGenerator" */ = {
			isa = XCConfigurationList;
			buildConfigurations = (
				65D66EB828BEAB7C00990404 /* Debug */,
				65D66EB928BEAB7C00990404 /* Release */,
			);
			defaultConfigurationIsVisible = 0;
			defaultConfigurationName = Release;
		};
/* End XCConfigurationList section */
	};
	rootObject = 65D66E9228BEAB7800990404 /* Project object */;
}
